{
  "name": "grupp5-dev",
  "version": "1.0.0",
  "lockfileVersion": 3,
  "requires": true,
  "author": "Your Name",
  "description": "A simple description of your project",
  "license": "ISC",
  "main": "index.js",
  "packages": {
    "": {
      "name": "grupp5-dev",
      "version": "1.0.0",
      "license": "ISC",
      "dependencies": {
        "ampx": "^0.2.1"
      }
    },
    "node_modules/ampx": {
      "version": "0.2.1",
      "resolved": "https://registry.npmjs.org/ampx/-/ampx-0.2.1.tgz",
      "integrity": "sha512-55Girqnb48qKtoArtnJRrpiNDSt3EKJ+yxtU0olFdWlirJsNOz+DKNtQLMvvrIZrENZGSa/Uaswv0r4ydE5+lw==",
      "license": "Apache-2.0"
    }
  },
  "devDependencies": {},
  "scripts": {
    "build": "echo 'No build command specified'",
    "start": "node index.js"
  },
  "scripts": {
    "generate-config": "ampx generate config --app-id d1dve2kvs7jwcv --branch staging"
  }

}
