{
  "name": "grupp5-dev",
  "version": "1.0.0",
  "description": "A simple description of your project",
  "main": "index.js",
  "scripts": {
    "build": "echo 'No build command specified'",
    "start": "node index.js"
  },
  "author": "Your Name",
  "license": "ISC",
  "dependencies": {},
  "devDependencies": {}
}
